
Microsoft Visual Studio Solution File, Format Version 12.00
# Visual Studio Version 16
VisualStudioVersion = 16.0.30114.105
MinimumVisualStudioVersion = 10.0.40219.1
Project("{2150E333-8FDC-42A3-9474-1A3956D46DE8}") = "test", "test", "{14830D45-ED54-421C-9B5E-4AF86B86B64D}"
EndProject
Project("{2150E333-8FDC-42A3-9474-1A3956D46DE8}") = "Ordering", "Ordering", "{1178C5A0-9859-4D6D-A7C0-2BC125A60C7B}"
EndProject
Project("{FAE04EC0-301F-11D3-BF4B-00C04F79EFBC}") = "Ordering.API.Test", "test\Ordering\Ordering.API.Test\Ordering.API.Test.csproj", "{2562C237-579B-4076-BCA8-BA6C3269B6E0}"
EndProject
Project("{FAE04EC0-301F-11D3-BF4B-00C04F79EFBC}") = "Ordering.Domain.Test", "test\Ordering\Ordering.Domain.Test\Ordering.Domain.Test.csproj", "{7057A6DB-DBFE-4AB4-9479-CD2AC746E57F}"
EndProject
Project("{FAE04EC0-301F-11D3-BF4B-00C04F79EFBC}") = "Ordering.Infrastructure.Test", "test\Ordering\Ordering.Infrastructure.Test\Ordering.Infrastructure.Test.csproj", "{55E73CA5-4504-4AD5-83A5-EF012701001A}"
EndProject
Global
	GlobalSection(SolutionConfigurationPlatforms) = preSolution
		Debug|Any CPU = Debug|Any CPU
		Release|Any CPU = Release|Any CPU
	EndGlobalSection
	GlobalSection(SolutionProperties) = preSolution
		HideSolutionNode = FALSE
	EndGlobalSection
	GlobalSection(ProjectConfigurationPlatforms) = postSolution
		{2562C237-579B-4076-BCA8-BA6C3269B6E0}.Debug|Any CPU.ActiveCfg = Debug|Any CPU
		{2562C237-579B-4076-BCA8-BA6C3269B6E0}.Debug|Any CPU.Build.0 = Debug|Any CPU
		{2562C237-579B-4076-BCA8-BA6C3269B6E0}.Release|Any CPU.ActiveCfg = Release|Any CPU
		{2562C237-579B-4076-BCA8-BA6C3269B6E0}.Release|Any CPU.Build.0 = Release|Any CPU
		{7057A6DB-DBFE-4AB4-9479-CD2AC746E57F}.Debug|Any CPU.ActiveCfg = Debug|Any CPU
		{7057A6DB-DBFE-4AB4-9479-CD2AC746E57F}.Debug|Any CPU.Build.0 = Debug|Any CPU
		{7057A6DB-DBFE-4AB4-9479-CD2AC746E57F}.Release|Any CPU.ActiveCfg = Release|Any CPU
		{7057A6DB-DBFE-4AB4-9479-CD2AC746E57F}.Release|Any CPU.Build.0 = Release|Any CPU
		{55E73CA5-4504-4AD5-83A5-EF012701001A}.Debug|Any CPU.ActiveCfg = Debug|Any CPU
		{55E73CA5-4504-4AD5-83A5-EF012701001A}.Debug|Any CPU.Build.0 = Debug|Any CPU
		{55E73CA5-4504-4AD5-83A5-EF012701001A}.Release|Any CPU.ActiveCfg = Release|Any CPU
		{55E73CA5-4504-4AD5-83A5-EF012701001A}.Release|Any CPU.Build.0 = Release|Any CPU
	EndGlobalSection
	GlobalSection(NestedProjects) = preSolution
		{1178C5A0-9859-4D6D-A7C0-2BC125A60C7B} = {14830D45-ED54-421C-9B5E-4AF86B86B64D}
		{2562C237-579B-4076-BCA8-BA6C3269B6E0} = {1178C5A0-9859-4D6D-A7C0-2BC125A60C7B}
		{7057A6DB-DBFE-4AB4-9479-CD2AC746E57F} = {1178C5A0-9859-4D6D-A7C0-2BC125A60C7B}
		{55E73CA5-4504-4AD5-83A5-EF012701001A} = {1178C5A0-9859-4D6D-A7C0-2BC125A60C7B}
	EndGlobalSection
EndGlobal
